
Microsoft Visual Studio Solution File, Format Version 12.00
# Visual Studio Version 17
VisualStudioVersion = 17.4.33213.308
MinimumVisualStudioVersion = 10.0.40219.1
Project("{FAE04EC0-301F-11D3-BF4B-00C04F79EFBC}") = "PiePopper", "PiePopper.csproj", "{1EB4150F-2042-4430-840D-DD4A38AC9075}"
EndProject
Global
	GlobalSection(SolutionConfigurationPlatforms) = preSolution
		Debug|Any CPU = Debug|Any CPU
		Release|Any CPU = Release|Any CPU
	EndGlobalSection
	GlobalSection(ProjectConfigurationPlatforms) = postSolution
		{1EB4150F-2042-4430-840D-DD4A38AC9075}.Debug|Any CPU.ActiveCfg = Debug|Any CPU
		{1EB4150F-2042-4430-840D-DD4A38AC9075}.Debug|Any CPU.Build.0 = Debug|Any CPU
		{1EB4150F-2042-4430-840D-DD4A38AC9075}.Release|Any CPU.ActiveCfg = Release|Any CPU
		{1EB4150F-2042-4430-840D-DD4A38AC9075}.Release|Any CPU.Build.0 = Release|Any CPU
	EndGlobalSection
	GlobalSection(SolutionProperties) = preSolution
		HideSolutionNode = FALSE
	EndGlobalSection
	GlobalSection(ExtensibilityGlobals) = postSolution
		SolutionGuid = {4F092072-8DF9-42AB-B0EA-5EBC14D88175}
	EndGlobalSection
EndGlobal
